
Microsoft Visual Studio Solution File, Format Version 12.00
# Visual Studio Version 16
VisualStudioVersion = 16.0.31019.35
MinimumVisualStudioVersion = 10.0.40219.1
Project("{FAE04EC0-301F-11D3-BF4B-00C04F79EFBC}") = "SignalR_Example", "SignalR_Example\SignalR_Example.csproj", "{13860048-36B3-4404-86C8-D8E4DF577EE2}"
EndProject
Global
	GlobalSection(SolutionConfigurationPlatforms) = preSolution
		Debug|Any CPU = Debug|Any CPU
		Release|Any CPU = Release|Any CPU
	EndGlobalSection
	GlobalSection(ProjectConfigurationPlatforms) = postSolution
		{13860048-36B3-4404-86C8-D8E4DF577EE2}.Debug|Any CPU.ActiveCfg = Debug|Any CPU
		{13860048-36B3-4404-86C8-D8E4DF577EE2}.Debug|Any CPU.Build.0 = Debug|Any CPU
		{13860048-36B3-4404-86C8-D8E4DF577EE2}.Release|Any CPU.ActiveCfg = Release|Any CPU
		{13860048-36B3-4404-86C8-D8E4DF577EE2}.Release|Any CPU.Build.0 = Release|Any CPU
	EndGlobalSection
	GlobalSection(SolutionProperties) = preSolution
		HideSolutionNode = FALSE
	EndGlobalSection
	GlobalSection(ExtensibilityGlobals) = postSolution
		SolutionGuid = {04507C1A-67B6-482D-BECB-1AE7216E8847}
	EndGlobalSection
EndGlobal
